
Microsoft Visual Studio Solution File, Format Version 12.00
# Visual Studio Version 17
VisualStudioVersion = 17.0.31903.59
MinimumVisualStudioVersion = 10.0.40219.1
Project("{FAE04EC0-301F-11D3-BF4B-00C04F79EFBC}") = "TestApp", "TestApp\TestApp.csproj", "{FB95B055-A654-4D95-B34C-9FA5F8C966C4}"
EndProject
Project("{FAE04EC0-301F-11D3-BF4B-00C04F79EFBC}") = "FindFirstNonRepeatedChar", "FindFirstNonRepeatedChar\FindFirstNonRepeatedChar.csproj", "{18ECF0EE-008C-430F-93A3-6A9C8A3A3FFE}"
EndProject
Global
	GlobalSection(SolutionConfigurationPlatforms) = preSolution
		Debug|Any CPU = Debug|Any CPU
		Release|Any CPU = Release|Any CPU
	EndGlobalSection
	GlobalSection(SolutionProperties) = preSolution
		HideSolutionNode = FALSE
	EndGlobalSection
	GlobalSection(ProjectConfigurationPlatforms) = postSolution
		{FB95B055-A654-4D95-B34C-9FA5F8C966C4}.Debug|Any CPU.ActiveCfg = Debug|Any CPU
		{FB95B055-A654-4D95-B34C-9FA5F8C966C4}.Debug|Any CPU.Build.0 = Debug|Any CPU
		{FB95B055-A654-4D95-B34C-9FA5F8C966C4}.Release|Any CPU.ActiveCfg = Release|Any CPU
		{FB95B055-A654-4D95-B34C-9FA5F8C966C4}.Release|Any CPU.Build.0 = Release|Any CPU
		{18ECF0EE-008C-430F-93A3-6A9C8A3A3FFE}.Debug|Any CPU.ActiveCfg = Debug|Any CPU
		{18ECF0EE-008C-430F-93A3-6A9C8A3A3FFE}.Debug|Any CPU.Build.0 = Debug|Any CPU
		{18ECF0EE-008C-430F-93A3-6A9C8A3A3FFE}.Release|Any CPU.ActiveCfg = Release|Any CPU
		{18ECF0EE-008C-430F-93A3-6A9C8A3A3FFE}.Release|Any CPU.Build.0 = Release|Any CPU
	EndGlobalSection
EndGlobal
